
Microsoft Visual Studio Solution File, Format Version 12.00
# Visual Studio Version 17
VisualStudioVersion = 17.9.34714.143
MinimumVisualStudioVersion = 10.0.40219.1
Project("{8BC9CEB8-8B4A-11D0-8D11-00A0C91BC942}") = "calculataion.c", "calculataion.c.vcxproj", "{79B16573-194E-4E67-8EA0-EADAD3C8DBAB}"
EndProject
Global
	GlobalSection(SolutionConfigurationPlatforms) = preSolution
		Debug|x64 = Debug|x64
		Debug|x86 = Debug|x86
		Release|x64 = Release|x64
		Release|x86 = Release|x86
	EndGlobalSection
	GlobalSection(ProjectConfigurationPlatforms) = postSolution
		{79B16573-194E-4E67-8EA0-EADAD3C8DBAB}.Debug|x64.ActiveCfg = Debug|x64
		{79B16573-194E-4E67-8EA0-EADAD3C8DBAB}.Debug|x64.Build.0 = Debug|x64
		{79B16573-194E-4E67-8EA0-EADAD3C8DBAB}.Debug|x86.ActiveCfg = Debug|Win32
		{79B16573-194E-4E67-8EA0-EADAD3C8DBAB}.Debug|x86.Build.0 = Debug|Win32
		{79B16573-194E-4E67-8EA0-EADAD3C8DBAB}.Release|x64.ActiveCfg = Release|x64
		{79B16573-194E-4E67-8EA0-EADAD3C8DBAB}.Release|x64.Build.0 = Release|x64
		{79B16573-194E-4E67-8EA0-EADAD3C8DBAB}.Release|x86.ActiveCfg = Release|Win32
		{79B16573-194E-4E67-8EA0-EADAD3C8DBAB}.Release|x86.Build.0 = Release|Win32
	EndGlobalSection
	GlobalSection(SolutionProperties) = preSolution
		HideSolutionNode = FALSE
	EndGlobalSection
	GlobalSection(ExtensibilityGlobals) = postSolution
		SolutionGuid = {5AE9A087-4FC1-4834-8D19-6ADA04092F2E}
	EndGlobalSection
EndGlobal
