
Microsoft Visual Studio Solution File, Format Version 12.00
# Visual Studio Version 17
VisualStudioVersion = 17.9.34714.143
MinimumVisualStudioVersion = 10.0.40219.1
Project("{8BC9CEB8-8B4A-11D0-8D11-00A0C91BC942}") = "나머지연산", "나머지연산.vcxproj", "{4C782B39-97DA-4603-A698-9672372FA514}"
EndProject
Global
	GlobalSection(SolutionConfigurationPlatforms) = preSolution
		Debug|x64 = Debug|x64
		Debug|x86 = Debug|x86
		Release|x64 = Release|x64
		Release|x86 = Release|x86
	EndGlobalSection
	GlobalSection(ProjectConfigurationPlatforms) = postSolution
		{4C782B39-97DA-4603-A698-9672372FA514}.Debug|x64.ActiveCfg = Debug|x64
		{4C782B39-97DA-4603-A698-9672372FA514}.Debug|x64.Build.0 = Debug|x64
		{4C782B39-97DA-4603-A698-9672372FA514}.Debug|x86.ActiveCfg = Debug|Win32
		{4C782B39-97DA-4603-A698-9672372FA514}.Debug|x86.Build.0 = Debug|Win32
		{4C782B39-97DA-4603-A698-9672372FA514}.Release|x64.ActiveCfg = Release|x64
		{4C782B39-97DA-4603-A698-9672372FA514}.Release|x64.Build.0 = Release|x64
		{4C782B39-97DA-4603-A698-9672372FA514}.Release|x86.ActiveCfg = Release|Win32
		{4C782B39-97DA-4603-A698-9672372FA514}.Release|x86.Build.0 = Release|Win32
	EndGlobalSection
	GlobalSection(SolutionProperties) = preSolution
		HideSolutionNode = FALSE
	EndGlobalSection
	GlobalSection(ExtensibilityGlobals) = postSolution
		SolutionGuid = {353BECEF-5B7D-4EC9-BE0D-9B996C66568B}
	EndGlobalSection
EndGlobal
